
Microsoft Visual Studio Solution File, Format Version 12.00
# Visual Studio Version 17
VisualStudioVersion = 17.3.32804.467
MinimumVisualStudioVersion = 10.0.40219.1
Project("{2150E333-8FDC-42A3-9474-1A3956D46DE8}") = "src", "src", "{E5DDD8F6-A073-4405-A3DC-CBA22C1C013F}"
EndProject
Project("{2150E333-8FDC-42A3-9474-1A3956D46DE8}") = "Api", "Api", "{0C63EC08-3D10-48D7-9AB0-CFFF55EF4551}"
EndProject
Project("{2150E333-8FDC-42A3-9474-1A3956D46DE8}") = "Clients", "Clients", "{CDD2D155-D368-4CE7-932F-2A9E5522D5BC}"
EndProject
Project("{2150E333-8FDC-42A3-9474-1A3956D46DE8}") = "Common", "Common", "{6EC03D01-D2EC-4538-B94D-DC56FD59CE1D}"
EndProject
Project("{2150E333-8FDC-42A3-9474-1A3956D46DE8}") = "Projections", "Projections", "{EC59C2FF-B4CE-4A91-956A-D74F987033EE}"
EndProject
Project("{2150E333-8FDC-42A3-9474-1A3956D46DE8}") = "Core", "Core", "{674846BF-D870-4869-8B3F-B1684D9EE010}"
EndProject
Project("{2150E333-8FDC-42A3-9474-1A3956D46DE8}") = "Infrastructure", "Infrastructure", "{F1793D86-133C-420A-91F5-2E8D60DDA181}"
EndProject
Project("{2150E333-8FDC-42A3-9474-1A3956D46DE8}") = "WebApi", "WebApi", "{5A705512-2B93-4074-BF03-36B78A7CE3EE}"
EndProject
Project("{2150E333-8FDC-42A3-9474-1A3956D46DE8}") = "BlazorWeb", "BlazorWeb", "{6558AB43-DCA7-417F-B7EB-56AD74682DB8}"
EndProject
Project("{9A19103F-16F7-4668-BE54-9A1E7A4F7556}") = "BlazorSozluk.Common", "src\Common\BlazorSozluk.Common\BlazorSozluk.Common.csproj", "{4735E85E-66F7-459F-95B7-C272A78E5449}"
EndProject
Project("{9A19103F-16F7-4668-BE54-9A1E7A4F7556}") = "BlazorSozluk.Api.Domain", "src\Api\Core\BlazorSozluk.Api.Domain\BlazorSozluk.Api.Domain.csproj", "{DCEB84A6-B614-41A7-A223-2AE18822CE84}"
EndProject
Project("{9A19103F-16F7-4668-BE54-9A1E7A4F7556}") = "BlazorSozluk.Api.Application", "src\Api\Core\BlazorSozluk.Api.Application\BlazorSozluk.Api.Application.csproj", "{99060413-2FF0-4240-96A5-7D6FB02BB995}"
EndProject
Project("{9A19103F-16F7-4668-BE54-9A1E7A4F7556}") = "BlazorSozluk.Infrastructure.Persistence", "src\Api\Infrastructure\BlazorSozluk.Infrastructure.Persistence\BlazorSozluk.Infrastructure.Persistence.csproj", "{DD766909-92E0-41E7-AF72-093DA0136EBE}"
EndProject
Project("{9A19103F-16F7-4668-BE54-9A1E7A4F7556}") = "BlazorSozluk.Api.WebApi", "src\Api\WebApi\BlazorSozluk.Api.WebApi\BlazorSozluk.Api.WebApi.csproj", "{28E2741D-66F3-4427-B431-7EC55E4D402E}"
EndProject
Project("{9A19103F-16F7-4668-BE54-9A1E7A4F7556}") = "BlazrSozluk.Projections.FavoriteService", "src\Projections\BlazrSozluk.Projections.FavoriteService\BlazrSozluk.Projections.FavoriteService.csproj", "{59BF3ADD-72C2-46CD-8494-59A5CF54ECA1}"
EndProject
Project("{9A19103F-16F7-4668-BE54-9A1E7A4F7556}") = "BlazorSozluk.Projections.VoteService", "src\Projections\BlazorSozluk.Projections.VoteService\BlazorSozluk.Projections.VoteService.csproj", "{A3C96CB8-EDF8-416D-86F6-213D951F129D}"
EndProject
Project("{9A19103F-16F7-4668-BE54-9A1E7A4F7556}") = "BlazorSozluk.WebApp", "src\Clients\BlazorWeb\BlazorSozluk.WebApp\BlazorSozluk.WebApp.csproj", "{431F717B-AB3C-4ED4-A3F3-F066C5C7FEF7}"
EndProject
Project("{9A19103F-16F7-4668-BE54-9A1E7A4F7556}") = "BlazorSozluk.Projections.UserService", "src\Projections\BlazorSozluk.Projections.UserService\BlazorSozluk.Projections.UserService.csproj", "{53CB9FC0-2AA8-4D26-81C7-DDFED60902B3}"
EndProject
Project("{E53339B2-1760-4266-BCC7-CA923CBCF16C}") = "docker-compose", "docker-compose.dcproj", "{4D4CDEFE-8C04-4F0B-9750-37827B3C795A}"
EndProject
Project("{2150E333-8FDC-42A3-9474-1A3956D46DE8}") = "Solution Items", "Solution Items", "{8601E9A5-A902-4FA9-BF88-6D3B85335A63}"
	ProjectSection(SolutionItems) = preProject
		DockerSteps_External.txt = DockerSteps_External.txt
	EndProjectSection
EndProject
Global
	GlobalSection(SolutionConfigurationPlatforms) = preSolution
		Debug|Any CPU = Debug|Any CPU
		Release|Any CPU = Release|Any CPU
	EndGlobalSection
	GlobalSection(ProjectConfigurationPlatforms) = postSolution
		{4735E85E-66F7-459F-95B7-C272A78E5449}.Debug|Any CPU.ActiveCfg = Debug|Any CPU
		{4735E85E-66F7-459F-95B7-C272A78E5449}.Debug|Any CPU.Build.0 = Debug|Any CPU
		{4735E85E-66F7-459F-95B7-C272A78E5449}.Release|Any CPU.ActiveCfg = Release|Any CPU
		{4735E85E-66F7-459F-95B7-C272A78E5449}.Release|Any CPU.Build.0 = Release|Any CPU
		{DCEB84A6-B614-41A7-A223-2AE18822CE84}.Debug|Any CPU.ActiveCfg = Debug|Any CPU
		{DCEB84A6-B614-41A7-A223-2AE18822CE84}.Debug|Any CPU.Build.0 = Debug|Any CPU
		{DCEB84A6-B614-41A7-A223-2AE18822CE84}.Release|Any CPU.ActiveCfg = Release|Any CPU
		{DCEB84A6-B614-41A7-A223-2AE18822CE84}.Release|Any CPU.Build.0 = Release|Any CPU
		{99060413-2FF0-4240-96A5-7D6FB02BB995}.Debug|Any CPU.ActiveCfg = Debug|Any CPU
		{99060413-2FF0-4240-96A5-7D6FB02BB995}.Debug|Any CPU.Build.0 = Debug|Any CPU
		{99060413-2FF0-4240-96A5-7D6FB02BB995}.Release|Any CPU.ActiveCfg = Release|Any CPU
		{99060413-2FF0-4240-96A5-7D6FB02BB995}.Release|Any CPU.Build.0 = Release|Any CPU
		{DD766909-92E0-41E7-AF72-093DA0136EBE}.Debug|Any CPU.ActiveCfg = Debug|Any CPU
		{DD766909-92E0-41E7-AF72-093DA0136EBE}.Debug|Any CPU.Build.0 = Debug|Any CPU
		{DD766909-92E0-41E7-AF72-093DA0136EBE}.Release|Any CPU.ActiveCfg = Release|Any CPU
		{DD766909-92E0-41E7-AF72-093DA0136EBE}.Release|Any CPU.Build.0 = Release|Any CPU
		{28E2741D-66F3-4427-B431-7EC55E4D402E}.Debug|Any CPU.ActiveCfg = Debug|Any CPU
		{28E2741D-66F3-4427-B431-7EC55E4D402E}.Debug|Any CPU.Build.0 = Debug|Any CPU
		{28E2741D-66F3-4427-B431-7EC55E4D402E}.Release|Any CPU.ActiveCfg = Release|Any CPU
		{28E2741D-66F3-4427-B431-7EC55E4D402E}.Release|Any CPU.Build.0 = Release|Any CPU
		{59BF3ADD-72C2-46CD-8494-59A5CF54ECA1}.Debug|Any CPU.ActiveCfg = Debug|Any CPU
		{59BF3ADD-72C2-46CD-8494-59A5CF54ECA1}.Debug|Any CPU.Build.0 = Debug|Any CPU
		{59BF3ADD-72C2-46CD-8494-59A5CF54ECA1}.Release|Any CPU.ActiveCfg = Release|Any CPU
		{59BF3ADD-72C2-46CD-8494-59A5CF54ECA1}.Release|Any CPU.Build.0 = Release|Any CPU
		{A3C96CB8-EDF8-416D-86F6-213D951F129D}.Debug|Any CPU.ActiveCfg = Debug|Any CPU
		{A3C96CB8-EDF8-416D-86F6-213D951F129D}.Debug|Any CPU.Build.0 = Debug|Any CPU
		{A3C96CB8-EDF8-416D-86F6-213D951F129D}.Release|Any CPU.ActiveCfg = Release|Any CPU
		{A3C96CB8-EDF8-416D-86F6-213D951F129D}.Release|Any CPU.Build.0 = Release|Any CPU
		{431F717B-AB3C-4ED4-A3F3-F066C5C7FEF7}.Debug|Any CPU.ActiveCfg = Debug|Any CPU
		{431F717B-AB3C-4ED4-A3F3-F066C5C7FEF7}.Debug|Any CPU.Build.0 = Debug|Any CPU
		{431F717B-AB3C-4ED4-A3F3-F066C5C7FEF7}.Release|Any CPU.ActiveCfg = Release|Any CPU
		{431F717B-AB3C-4ED4-A3F3-F066C5C7FEF7}.Release|Any CPU.Build.0 = Release|Any CPU
		{53CB9FC0-2AA8-4D26-81C7-DDFED60902B3}.Debug|Any CPU.ActiveCfg = Debug|Any CPU
		{53CB9FC0-2AA8-4D26-81C7-DDFED60902B3}.Debug|Any CPU.Build.0 = Debug|Any CPU
		{53CB9FC0-2AA8-4D26-81C7-DDFED60902B3}.Release|Any CPU.ActiveCfg = Release|Any CPU
		{53CB9FC0-2AA8-4D26-81C7-DDFED60902B3}.Release|Any CPU.Build.0 = Release|Any CPU
		{4D4CDEFE-8C04-4F0B-9750-37827B3C795A}.Debug|Any CPU.ActiveCfg = Debug|Any CPU
		{4D4CDEFE-8C04-4F0B-9750-37827B3C795A}.Debug|Any CPU.Build.0 = Debug|Any CPU
		{4D4CDEFE-8C04-4F0B-9750-37827B3C795A}.Release|Any CPU.ActiveCfg = Release|Any CPU
		{4D4CDEFE-8C04-4F0B-9750-37827B3C795A}.Release|Any CPU.Build.0 = Release|Any CPU
	EndGlobalSection
	GlobalSection(SolutionProperties) = preSolution
		HideSolutionNode = FALSE
	EndGlobalSection
	GlobalSection(NestedProjects) = preSolution
		{0C63EC08-3D10-48D7-9AB0-CFFF55EF4551} = {E5DDD8F6-A073-4405-A3DC-CBA22C1C013F}
		{CDD2D155-D368-4CE7-932F-2A9E5522D5BC} = {E5DDD8F6-A073-4405-A3DC-CBA22C1C013F}
		{6EC03D01-D2EC-4538-B94D-DC56FD59CE1D} = {E5DDD8F6-A073-4405-A3DC-CBA22C1C013F}
		{EC59C2FF-B4CE-4A91-956A-D74F987033EE} = {E5DDD8F6-A073-4405-A3DC-CBA22C1C013F}
		{674846BF-D870-4869-8B3F-B1684D9EE010} = {0C63EC08-3D10-48D7-9AB0-CFFF55EF4551}
		{F1793D86-133C-420A-91F5-2E8D60DDA181} = {0C63EC08-3D10-48D7-9AB0-CFFF55EF4551}
		{5A705512-2B93-4074-BF03-36B78A7CE3EE} = {0C63EC08-3D10-48D7-9AB0-CFFF55EF4551}
		{6558AB43-DCA7-417F-B7EB-56AD74682DB8} = {CDD2D155-D368-4CE7-932F-2A9E5522D5BC}
		{4735E85E-66F7-459F-95B7-C272A78E5449} = {6EC03D01-D2EC-4538-B94D-DC56FD59CE1D}
		{DCEB84A6-B614-41A7-A223-2AE18822CE84} = {674846BF-D870-4869-8B3F-B1684D9EE010}
		{99060413-2FF0-4240-96A5-7D6FB02BB995} = {674846BF-D870-4869-8B3F-B1684D9EE010}
		{DD766909-92E0-41E7-AF72-093DA0136EBE} = {F1793D86-133C-420A-91F5-2E8D60DDA181}
		{28E2741D-66F3-4427-B431-7EC55E4D402E} = {5A705512-2B93-4074-BF03-36B78A7CE3EE}
		{59BF3ADD-72C2-46CD-8494-59A5CF54ECA1} = {EC59C2FF-B4CE-4A91-956A-D74F987033EE}
		{A3C96CB8-EDF8-416D-86F6-213D951F129D} = {EC59C2FF-B4CE-4A91-956A-D74F987033EE}
		{431F717B-AB3C-4ED4-A3F3-F066C5C7FEF7} = {6558AB43-DCA7-417F-B7EB-56AD74682DB8}
		{53CB9FC0-2AA8-4D26-81C7-DDFED60902B3} = {EC59C2FF-B4CE-4A91-956A-D74F987033EE}
	EndGlobalSection
	GlobalSection(ExtensibilityGlobals) = postSolution
		SolutionGuid = {AF66274E-6384-4FEE-8411-C1B742076ECA}
	EndGlobalSection
EndGlobal
